
Microsoft Visual Studio Solution File, Format Version 12.00
# Visual Studio 15
VisualStudioVersion = 15.0.28307.421
MinimumVisualStudioVersion = 10.0.40219.1
Project("{FAE04EC0-301F-11D3-BF4B-00C04F79EFBC}") = "MIPlan", "MIPlan\MIPlan.csproj", "{2258D4D6-3643-4A7E-9E3E-2F0C94FE066B}"
EndProject
Global
	GlobalSection(SolutionConfigurationPlatforms) = preSolution
		Debug|Any CPU = Debug|Any CPU
		Release|Any CPU = Release|Any CPU
	EndGlobalSection
	GlobalSection(ProjectConfigurationPlatforms) = postSolution
		{2258D4D6-3643-4A7E-9E3E-2F0C94FE066B}.Debug|Any CPU.ActiveCfg = Debug|Any CPU
		{2258D4D6-3643-4A7E-9E3E-2F0C94FE066B}.Debug|Any CPU.Build.0 = Debug|Any CPU
		{2258D4D6-3643-4A7E-9E3E-2F0C94FE066B}.Release|Any CPU.ActiveCfg = Release|Any CPU
		{2258D4D6-3643-4A7E-9E3E-2F0C94FE066B}.Release|Any CPU.Build.0 = Release|Any CPU
	EndGlobalSection
	GlobalSection(SolutionProperties) = preSolution
		HideSolutionNode = FALSE
	EndGlobalSection
	GlobalSection(ExtensibilityGlobals) = postSolution
		SolutionGuid = {39D4B842-8903-4D14-A89E-B2051F6CD872}
	EndGlobalSection
EndGlobal
